
Microsoft Visual Studio Solution File, Format Version 12.00
# Visual Studio Version 17
VisualStudioVersion = 17.9.34728.123
MinimumVisualStudioVersion = 10.0.40219.1
Project("{FAE04EC0-301F-11D3-BF4B-00C04F79EFBC}") = "aplicacion1", "aplicacion1\aplicacion1.csproj", "{880CF6B7-FCC9-40E6-9487-AA3E0754ED46}"
EndProject
Global
	GlobalSection(SolutionConfigurationPlatforms) = preSolution
		Debug|Any CPU = Debug|Any CPU
		Release|Any CPU = Release|Any CPU
	EndGlobalSection
	GlobalSection(ProjectConfigurationPlatforms) = postSolution
		{880CF6B7-FCC9-40E6-9487-AA3E0754ED46}.Debug|Any CPU.ActiveCfg = Debug|Any CPU
		{880CF6B7-FCC9-40E6-9487-AA3E0754ED46}.Debug|Any CPU.Build.0 = Debug|Any CPU
		{880CF6B7-FCC9-40E6-9487-AA3E0754ED46}.Release|Any CPU.ActiveCfg = Release|Any CPU
		{880CF6B7-FCC9-40E6-9487-AA3E0754ED46}.Release|Any CPU.Build.0 = Release|Any CPU
	EndGlobalSection
	GlobalSection(SolutionProperties) = preSolution
		HideSolutionNode = FALSE
	EndGlobalSection
	GlobalSection(ExtensibilityGlobals) = postSolution
		SolutionGuid = {E07B4B8C-2430-4580-A3EB-E50786489606}
	EndGlobalSection
EndGlobal
